
Microsoft Visual Studio Solution File, Format Version 12.00
# Visual Studio Version 16
VisualStudioVersion = 16.0.29911.84
MinimumVisualStudioVersion = 10.0.40219.1
Project("{FAE04EC0-301F-11D3-BF4B-00C04F79EFBC}") = "CCLLC.Azure.Secrets.Lib", "CCLLC.Azure.Secrets.Lib\CCLLC.Azure.Secrets.Lib.csproj", "{3C31FC07-6396-443E-8DB1-67F2C14DF3EB}"
EndProject
Project("{D954291E-2A0B-460D-934E-DC6B0785DB48}") = "CCLLC.Azure.Secrets", "CCLLC.Azure.Secrets\CCLLC.Azure.Secrets.shproj", "{896BFE2A-4281-43D2-9D0D-AA0A2B011C4C}"
EndProject
Project("{FAE04EC0-301F-11D3-BF4B-00C04F79EFBC}") = "CCLLC.Azure.Secrets.UnitTest", "CCLLC.Azure.Secrets.UnitTest\CCLLC.Azure.Secrets.UnitTest.csproj", "{AA17DA5D-3759-4415-BB85-D94645CEA678}"
EndProject
Global
	GlobalSection(SharedMSBuildProjectFiles) = preSolution
		CCLLC.Azure.Secrets\CCLLC.Azure.Secrets.projitems*{3c31fc07-6396-443e-8db1-67f2c14df3eb}*SharedItemsImports = 4
		CCLLC.Azure.Secrets\CCLLC.Azure.Secrets.projitems*{896bfe2a-4281-43d2-9d0d-aa0a2b011c4c}*SharedItemsImports = 13
	EndGlobalSection
	GlobalSection(SolutionConfigurationPlatforms) = preSolution
		Debug|Any CPU = Debug|Any CPU
		Release|Any CPU = Release|Any CPU
	EndGlobalSection
	GlobalSection(ProjectConfigurationPlatforms) = postSolution
		{3C31FC07-6396-443E-8DB1-67F2C14DF3EB}.Debug|Any CPU.ActiveCfg = Debug|Any CPU
		{3C31FC07-6396-443E-8DB1-67F2C14DF3EB}.Debug|Any CPU.Build.0 = Debug|Any CPU
		{3C31FC07-6396-443E-8DB1-67F2C14DF3EB}.Release|Any CPU.ActiveCfg = Release|Any CPU
		{3C31FC07-6396-443E-8DB1-67F2C14DF3EB}.Release|Any CPU.Build.0 = Release|Any CPU
		{AA17DA5D-3759-4415-BB85-D94645CEA678}.Debug|Any CPU.ActiveCfg = Debug|Any CPU
		{AA17DA5D-3759-4415-BB85-D94645CEA678}.Debug|Any CPU.Build.0 = Debug|Any CPU
		{AA17DA5D-3759-4415-BB85-D94645CEA678}.Release|Any CPU.ActiveCfg = Release|Any CPU
		{AA17DA5D-3759-4415-BB85-D94645CEA678}.Release|Any CPU.Build.0 = Release|Any CPU
	EndGlobalSection
	GlobalSection(SolutionProperties) = preSolution
		HideSolutionNode = FALSE
	EndGlobalSection
	GlobalSection(ExtensibilityGlobals) = postSolution
		SolutionGuid = {55E40BE3-5402-4E86-A4EE-BDAB71D27E8E}
	EndGlobalSection
EndGlobal
