
Microsoft Visual Studio Solution File, Format Version 12.00
# Visual Studio Version 16
VisualStudioVersion = 16.0.29911.84
MinimumVisualStudioVersion = 10.0.40219.1
Project("{FAE04EC0-301F-11D3-BF4B-00C04F79EFBC}") = "CCLLC.Azure.Secrets.Lib", "CCLLC.Azure.Secrets.Lib\CCLLC.Azure.Secrets.Lib.csproj", "{3C31FC07-6396-443E-8DB1-67F2C14DF3EB}"
EndProject
Project("{D954291E-2A0B-460D-934E-DC6B0785DB48}") = "CCLLC.Azure.Secrets", "CCLLC.Azure.Secrets\CCLLC.Azure.Secrets.shproj", "{896BFE2A-4281-43D2-9D0D-AA0A2B011C4C}"
EndProject
Project("{2150E333-8FDC-42A3-9474-1A3956D46DE8}") = "Reference", "Reference", "{5BA64F40-5D9D-4152-BE51-7C342E085EC7}"
EndProject
Project("{D954291E-2A0B-460D-934E-DC6B0785DB48}") = "CCLLC.Core.ProcessModel", "..\CCLLCCodeLibraries\CCLLC.Core\SharedProjects\ProcessModel\CCLLC.Core.ProcessModel.shproj", "{ECD9FF45-12AA-4D19-9691-D1C5051105ED}"
EndProject
Project("{D954291E-2A0B-460D-934E-DC6B0785DB48}") = "CCLLC.Core.Serialization", "..\CCLLCCodeLibraries\CCLLC.Core\SharedProjects\Serialization\CCLLC.Core.Serialization.shproj", "{7526E378-7388-46F9-89F2-907FC39770F6}"
EndProject
Project("{D954291E-2A0B-460D-934E-DC6B0785DB48}") = "CCLLC.Core.Net", "..\CCLLCCodeLibraries\CCLLC.Core\SharedProjects\Net\CCLLC.Core.Net.shproj", "{085A0EB9-D245-4AF3-9D25-FB86DF3F9B42}"
EndProject
Project("{D954291E-2A0B-460D-934E-DC6B0785DB48}") = "CCLLC.Core.RestClient", "..\CCLLCCodeLibraries\CCLLC.Core\SharedProjects\RestClient\CCLLC.Core.RestClient.shproj", "{614892E4-B856-477E-B510-7A6CD1DAC9A7}"
EndProject
Project("{FAE04EC0-301F-11D3-BF4B-00C04F79EFBC}") = "CCLLC.Azure.Secrets.UnitTest", "CCLLC.Azure.Secrets.UnitTest\CCLLC.Azure.Secrets.UnitTest.csproj", "{AA17DA5D-3759-4415-BB85-D94645CEA678}"
EndProject
Global
	GlobalSection(SharedMSBuildProjectFiles) = preSolution
		..\CCLLCCodeLibraries\CCLLC.Core\SharedProjects\Net\CCLLC.Core.Net.projitems*{085a0eb9-d245-4af3-9d25-fb86df3f9b42}*SharedItemsImports = 13
		CCLLC.Azure.Secrets\CCLLC.Azure.Secrets.projitems*{3c31fc07-6396-443e-8db1-67f2c14df3eb}*SharedItemsImports = 4
		..\CCLLCCodeLibraries\CCLLC.Core\SharedProjects\Net\CCLLC.Core.Net.projitems*{3c31fc07-6396-443e-8db1-67f2c14df3eb}*SharedItemsImports = 4
		..\CCLLCCodeLibraries\CCLLC.Core\SharedProjects\ProcessModel\CCLLC.Core.ProcessModel.projitems*{3c31fc07-6396-443e-8db1-67f2c14df3eb}*SharedItemsImports = 4
		..\CCLLCCodeLibraries\CCLLC.Core\SharedProjects\RestClient\CCLLC.Core.RestClient.projitems*{3c31fc07-6396-443e-8db1-67f2c14df3eb}*SharedItemsImports = 4
		..\CCLLCCodeLibraries\CCLLC.Core\SharedProjects\Serialization\CCLLC.Core.Serialization.projitems*{3c31fc07-6396-443e-8db1-67f2c14df3eb}*SharedItemsImports = 4
		..\CCLLCCodeLibraries\CCLLC.Core\SharedProjects\RestClient\CCLLC.Core.RestClient.projitems*{614892e4-b856-477e-b510-7a6cd1dac9a7}*SharedItemsImports = 13
		..\CCLLCCodeLibraries\CCLLC.Core\SharedProjects\Serialization\CCLLC.Core.Serialization.projitems*{7526e378-7388-46f9-89f2-907fc39770f6}*SharedItemsImports = 13
		CCLLC.Azure.Secrets\CCLLC.Azure.Secrets.projitems*{896bfe2a-4281-43d2-9d0d-aa0a2b011c4c}*SharedItemsImports = 13
		..\CCLLCCodeLibraries\CCLLC.Core\SharedProjects\ProcessModel\CCLLC.Core.ProcessModel.projitems*{ecd9ff45-12aa-4d19-9691-d1c5051105ed}*SharedItemsImports = 13
	EndGlobalSection
	GlobalSection(SolutionConfigurationPlatforms) = preSolution
		Debug|Any CPU = Debug|Any CPU
		Release|Any CPU = Release|Any CPU
	EndGlobalSection
	GlobalSection(ProjectConfigurationPlatforms) = postSolution
		{3C31FC07-6396-443E-8DB1-67F2C14DF3EB}.Debug|Any CPU.ActiveCfg = Debug|Any CPU
		{3C31FC07-6396-443E-8DB1-67F2C14DF3EB}.Debug|Any CPU.Build.0 = Debug|Any CPU
		{3C31FC07-6396-443E-8DB1-67F2C14DF3EB}.Release|Any CPU.ActiveCfg = Release|Any CPU
		{3C31FC07-6396-443E-8DB1-67F2C14DF3EB}.Release|Any CPU.Build.0 = Release|Any CPU
		{AA17DA5D-3759-4415-BB85-D94645CEA678}.Debug|Any CPU.ActiveCfg = Debug|Any CPU
		{AA17DA5D-3759-4415-BB85-D94645CEA678}.Debug|Any CPU.Build.0 = Debug|Any CPU
		{AA17DA5D-3759-4415-BB85-D94645CEA678}.Release|Any CPU.ActiveCfg = Release|Any CPU
		{AA17DA5D-3759-4415-BB85-D94645CEA678}.Release|Any CPU.Build.0 = Release|Any CPU
	EndGlobalSection
	GlobalSection(SolutionProperties) = preSolution
		HideSolutionNode = FALSE
	EndGlobalSection
	GlobalSection(NestedProjects) = preSolution
		{ECD9FF45-12AA-4D19-9691-D1C5051105ED} = {5BA64F40-5D9D-4152-BE51-7C342E085EC7}
		{7526E378-7388-46F9-89F2-907FC39770F6} = {5BA64F40-5D9D-4152-BE51-7C342E085EC7}
		{085A0EB9-D245-4AF3-9D25-FB86DF3F9B42} = {5BA64F40-5D9D-4152-BE51-7C342E085EC7}
		{614892E4-B856-477E-B510-7A6CD1DAC9A7} = {5BA64F40-5D9D-4152-BE51-7C342E085EC7}
	EndGlobalSection
	GlobalSection(ExtensibilityGlobals) = postSolution
		SolutionGuid = {55E40BE3-5402-4E86-A4EE-BDAB71D27E8E}
	EndGlobalSection
EndGlobal
